
Microsoft Visual Studio Solution File, Format Version 12.00
# Visual Studio Version 17
VisualStudioVersion = 17.5.002.0
MinimumVisualStudioVersion = 10.0.40219.1
Project("{9A19103F-16F7-4668-BE54-9A1E7A4F7556}") = "reserv-back", "reserv-back\reserv-back.csproj", "{A7035651-4982-43A1-B788-31FC0F81920C}"
EndProject
Global
	GlobalSection(SolutionConfigurationPlatforms) = preSolution
		Debug|Any CPU = Debug|Any CPU
		Release|Any CPU = Release|Any CPU
	EndGlobalSection
	GlobalSection(ProjectConfigurationPlatforms) = postSolution
		{A7035651-4982-43A1-B788-31FC0F81920C}.Debug|Any CPU.ActiveCfg = Debug|Any CPU
		{A7035651-4982-43A1-B788-31FC0F81920C}.Debug|Any CPU.Build.0 = Debug|Any CPU
		{A7035651-4982-43A1-B788-31FC0F81920C}.Release|Any CPU.ActiveCfg = Release|Any CPU
		{A7035651-4982-43A1-B788-31FC0F81920C}.Release|Any CPU.Build.0 = Release|Any CPU
	EndGlobalSection
	GlobalSection(SolutionProperties) = preSolution
		HideSolutionNode = FALSE
	EndGlobalSection
	GlobalSection(ExtensibilityGlobals) = postSolution
		SolutionGuid = {D4026E67-B039-48B3-AFD4-2A306788DF2C}
	EndGlobalSection
EndGlobal
